PODS:
  - Alamofire (5.7.1)
  - DTTextField (0.7.0)
  - EmptyDataSet-Swift (5.0.0)
  - IQKeyboardManagerSwift (6.5.12)
  - NVActivityIndicatorView (5.1.1):
    - NVActivityIndicatorView/Base (= 5.1.1)
  - NVActivityIndicatorView/Base (5.1.1)
  - SDWebImage (5.17.0):
    - SDWebImage/Core (= 5.17.0)
  - SDWebImage/Core (5.17.0)
  - Sourcery (1.6.0)
  - SwiftGen (6.6.2)
  - SwiftLint (0.52.4)
  - SwiftyMocky (4.1.0):
    - Sourcery (= 1.6.0)
  - SwiftyTextView (0.2.0)

DEPENDENCIES:
  - Alamofire
  - DTTextField
  - EmptyDataSet-Swift (~> 5.0.0)
  - IQKeyboardManagerSwift (~> 6.5.0)
  - NVActivityIndicatorView
  - SDWebImage
  - SwiftGen (~> 6.0)
  - SwiftLint
  - SwiftyMocky
  - SwiftyTextView

SPEC REPOS:
  trunk:
    - Alamofire
    - DTTextField
    - EmptyDataSet-Swift
    - IQKeyboardManagerSwift
    - NVActivityIndicatorView
    - SDWebImage
    - Sourcery
    - SwiftGen
    - SwiftLint
    - SwiftyMocky
    - SwiftyTextView

SPEC CHECKSUMS:
  Alamofire: 0123a34370cb170936ae79a8df46cc62b2edeb88
  DTTextField: 768d5991211599145f289971e5936f8bb29990bb
  EmptyDataSet-Swift: eb382c0c87a2d9c678077385a595cec52da38171
  IQKeyboardManagerSwift: 371b08cb39664fb56030f5345c815a4ffc74bbc0
  NVActivityIndicatorView: 1f6c5687f1171810aa27a3296814dc2d7dec3667
  SDWebImage: 750adf017a315a280c60fde706ab1e552a3ae4e9
  Sourcery: 744f43178637c79bf23127dfe34e2103b3f28499
  SwiftGen: 1366a7f71aeef49954ca5a63ba4bef6b0f24138c
  SwiftLint: 1cc5cd61ba9bacb2194e340aeb47a2a37fda00b3
  SwiftyMocky: 014739247afadb65efb5bb92ede32c22b9365762
  SwiftyTextView: be873b6b426d148fef9e2a341b3c5989b167572b

PODFILE CHECKSUM: f576ff0d5611e55c6445bc42fa67d7bfa48fc016

COCOAPODS: 1.12.1
