PODS:
  - Alamofire (5.7.1)
  - Cosmos (23.0.0)
  - DTTextField (0.7.0)
  - EmptyDataSet-Swift (5.0.0)
  - FirebaseAppCheckInterop (10.14.0)
  - FirebaseAuth (10.14.0):
    - FirebaseAppCheckInterop (~> 10.0)
    - FirebaseCore (~> 10.0)
    - GoogleUtilities/AppDelegateSwizzler (~> 7.8)
    - GoogleUtilities/Environment (~> 7.8)
    - GTMSessionFetcher/Core (< 4.0, >= 2.1)
    - RecaptchaInterop (~> 100.0)
  - FirebaseCore (10.13.0):
    - FirebaseCoreInternal (~> 10.0)
    - GoogleUtilities/Environment (~> 7.8)
    - GoogleUtilities/Logger (~> 7.8)
  - FirebaseCoreInternal (10.13.0):
    - "GoogleUtilities/NSData+zlib (~> 7.8)"
  - GoogleUtilities/AppDelegateSwizzler (7.11.5):
    - GoogleUtilities/Environment
    - GoogleUtilities/Logger
    - GoogleUtilities/Network
  - GoogleUtilities/Environment (7.11.5):
    - PromisesObjC (< 3.0, >= 1.2)
  - GoogleUtilities/Logger (7.11.5):
    - GoogleUtilities/Environment
  - GoogleUtilities/Network (7.11.5):
    - GoogleUtilities/Logger
    - "GoogleUtilities/NSData+zlib"
    - GoogleUtilities/Reachability
  - "GoogleUtilities/NSData+zlib (7.11.5)"
  - GoogleUtilities/Reachability (7.11.5):
    - GoogleUtilities/Logger
  - GTMSessionFetcher/Core (3.1.1)
  - IQKeyboardManagerSwift (6.5.12)
  - NVActivityIndicatorView (5.1.1):
    - NVActivityIndicatorView/Base (= 5.1.1)
  - NVActivityIndicatorView/Base (5.1.1)
  - PromisesObjC (2.3.1)
  - RecaptchaInterop (100.0.0)
  - SDWebImage (5.17.0):
    - SDWebImage/Core (= 5.17.0)
  - SDWebImage/Core (5.17.0)
  - Sourcery (1.6.0)
  - SwiftEntryKit (2.0.0)
  - SwiftGen (6.6.2)
  - SwiftLint (0.52.4)
  - SwiftyMocky (4.1.0):
    - Sourcery (= 1.6.0)
  - SwiftyTextView (0.2.0)

DEPENDENCIES:
  - Alamofire
  - Cosmos (~> 23.0)
  - DTTextField
  - EmptyDataSet-Swift (~> 5.0.0)
  - FirebaseAuth
  - IQKeyboardManagerSwift (~> 6.5.0)
  - NVActivityIndicatorView
  - SDWebImage
  - SwiftEntryKit (= 2.0.0)
  - SwiftGen (~> 6.0)
  - SwiftLint
  - SwiftyMocky
  - SwiftyTextView

SPEC REPOS:
  trunk:
    - Alamofire
    - Cosmos
    - DTTextField
    - EmptyDataSet-Swift
    - FirebaseAppCheckInterop
    - FirebaseAuth
    - FirebaseCore
    - FirebaseCoreInternal
    - GoogleUtilities
    - GTMSessionFetcher
    - IQKeyboardManagerSwift
    - NVActivityIndicatorView
    - PromisesObjC
    - RecaptchaInterop
    - SDWebImage
    - Sourcery
    - SwiftEntryKit
    - SwiftGen
    - SwiftLint
    - SwiftyMocky
    - SwiftyTextView

SPEC CHECKSUMS:
  Alamofire: 0123a34370cb170936ae79a8df46cc62b2edeb88
  Cosmos: b5c6a9a637e28a061b54c8f8b1d8529d7d4db73f
  DTTextField: 768d5991211599145f289971e5936f8bb29990bb
  EmptyDataSet-Swift: eb382c0c87a2d9c678077385a595cec52da38171
  FirebaseAppCheckInterop: c87f1d5421c852413dd936b2b2340b21e62501a0
  FirebaseAuth: bd1ae3d28beb83bfe9247e50eb82688b683dd770
  FirebaseCore: 9948a31ff2c6cf323f9b040068201a95d271b68d
  FirebaseCoreInternal: b342e37cd4f5b4454ec34308f073420e7920858e
  GoogleUtilities: 13e2c67ede716b8741c7989e26893d151b2b2084
  GTMSessionFetcher: e8647203b65cee28c5f73d0f473d096653945e72
  IQKeyboardManagerSwift: 371b08cb39664fb56030f5345c815a4ffc74bbc0
  NVActivityIndicatorView: 1f6c5687f1171810aa27a3296814dc2d7dec3667
  PromisesObjC: c50d2056b5253dadbd6c2bea79b0674bd5a52fa4
  RecaptchaInterop: 7d1a4a01a6b2cb1610a47ef3f85f0c411434cb21
  SDWebImage: 750adf017a315a280c60fde706ab1e552a3ae4e9
  Sourcery: 744f43178637c79bf23127dfe34e2103b3f28499
  SwiftEntryKit: 61b5fa36f34a97dd8013e48a7345bc4c4720be9a
  SwiftGen: 1366a7f71aeef49954ca5a63ba4bef6b0f24138c
  SwiftLint: 1cc5cd61ba9bacb2194e340aeb47a2a37fda00b3
  SwiftyMocky: 014739247afadb65efb5bb92ede32c22b9365762
  SwiftyTextView: be873b6b426d148fef9e2a341b3c5989b167572b

PODFILE CHECKSUM: 8a65644a465ffbe4b9ca2693b61122b0499d1716

COCOAPODS: 1.12.1
